
Microsoft Visual Studio Solution File, Format Version 12.00
# Visual Studio Version 17
VisualStudioVersion = 17.3.32922.545
MinimumVisualStudioVersion = 10.0.40219.1
Project("{2150E333-8FDC-42A3-9474-1A3956D46DE8}") = "Solution Items", "Solution Items", "{7671ADDC-1EA8-4F38-82E6-BE5AA704F3F6}"
	ProjectSection(SolutionItems) = preProject
		.gitignore = .gitignore
		README.md = README.md
	EndProjectSection
EndProject
Project("{9A19103F-16F7-4668-BE54-9A1E7A4F7556}") = "CFBPoll", "CFBPoll\CFBPoll.csproj", "{784E7015-1DF4-4848-A851-B6662B1A1AE0}"
EndProject
Project("{FAE04EC0-301F-11D3-BF4B-00C04F79EFBC}") = "CFBPoll.Utilities", "CFBPoll.Utilities\CFBPoll.Utilities.csproj", "{7FA8A9D6-0138-45D3-9CF3-A34AF87BC3BE}"
EndProject
Project("{FAE04EC0-301F-11D3-BF4B-00C04F79EFBC}") = "CFBPoll.System", "CFBPoll.System\CFBPoll.System.csproj", "{77496875-DD98-4878-A354-C16216A189E7}"
EndProject
Global
	GlobalSection(SolutionConfigurationPlatforms) = preSolution
		Debug|Any CPU = Debug|Any CPU
		Release|Any CPU = Release|Any CPU
	EndGlobalSection
	GlobalSection(ProjectConfigurationPlatforms) = postSolution
		{784E7015-1DF4-4848-A851-B6662B1A1AE0}.Debug|Any CPU.ActiveCfg = Debug|Any CPU
		{784E7015-1DF4-4848-A851-B6662B1A1AE0}.Debug|Any CPU.Build.0 = Debug|Any CPU
		{784E7015-1DF4-4848-A851-B6662B1A1AE0}.Release|Any CPU.ActiveCfg = Release|Any CPU
		{784E7015-1DF4-4848-A851-B6662B1A1AE0}.Release|Any CPU.Build.0 = Release|Any CPU
		{7FA8A9D6-0138-45D3-9CF3-A34AF87BC3BE}.Debug|Any CPU.ActiveCfg = Debug|Any CPU
		{7FA8A9D6-0138-45D3-9CF3-A34AF87BC3BE}.Debug|Any CPU.Build.0 = Debug|Any CPU
		{7FA8A9D6-0138-45D3-9CF3-A34AF87BC3BE}.Release|Any CPU.ActiveCfg = Release|Any CPU
		{7FA8A9D6-0138-45D3-9CF3-A34AF87BC3BE}.Release|Any CPU.Build.0 = Release|Any CPU
		{77496875-DD98-4878-A354-C16216A189E7}.Debug|Any CPU.ActiveCfg = Debug|Any CPU
		{77496875-DD98-4878-A354-C16216A189E7}.Debug|Any CPU.Build.0 = Debug|Any CPU
		{77496875-DD98-4878-A354-C16216A189E7}.Release|Any CPU.ActiveCfg = Release|Any CPU
		{77496875-DD98-4878-A354-C16216A189E7}.Release|Any CPU.Build.0 = Release|Any CPU
	EndGlobalSection
	GlobalSection(SolutionProperties) = preSolution
		HideSolutionNode = FALSE
	EndGlobalSection
	GlobalSection(ExtensibilityGlobals) = postSolution
		SolutionGuid = {0A35890F-F62B-457A-9426-00C03AB035E7}
	EndGlobalSection
EndGlobal
