
Microsoft Visual Studio Solution File, Format Version 12.00
# Visual Studio Version 16
VisualStudioVersion = 16.0.31402.337
MinimumVisualStudioVersion = 10.0.40219.1
Project("{FAE04EC0-301F-11D3-BF4B-00C04F79EFBC}") = "CFBPollNew", "CFBPollNew.csproj", "{CD22AE65-9CD8-4C7E-8045-85982A7FBE89}"
EndProject
Project("{2150E333-8FDC-42A3-9474-1A3956D46DE8}") = "Solution Items", "Solution Items", "{7671ADDC-1EA8-4F38-82E6-BE5AA704F3F6}"
EndProject
Global
	GlobalSection(SolutionConfigurationPlatforms) = preSolution
		Debug|Any CPU = Debug|Any CPU
		Release|Any CPU = Release|Any CPU
	EndGlobalSection
	GlobalSection(ProjectConfigurationPlatforms) = postSolution
		{CD22AE65-9CD8-4C7E-8045-85982A7FBE89}.Debug|Any CPU.ActiveCfg = Debug|Any CPU
		{CD22AE65-9CD8-4C7E-8045-85982A7FBE89}.Debug|Any CPU.Build.0 = Debug|Any CPU
		{CD22AE65-9CD8-4C7E-8045-85982A7FBE89}.Release|Any CPU.ActiveCfg = Release|Any CPU
		{CD22AE65-9CD8-4C7E-8045-85982A7FBE89}.Release|Any CPU.Build.0 = Release|Any CPU
	EndGlobalSection
	GlobalSection(SolutionProperties) = preSolution
		HideSolutionNode = FALSE
	EndGlobalSection
	GlobalSection(ExtensibilityGlobals) = postSolution
		SolutionGuid = {0A35890F-F62B-457A-9426-00C03AB035E7}
	EndGlobalSection
EndGlobal
